
Microsoft Visual Studio Solution File, Format Version 12.00
# Visual Studio Version 17
VisualStudioVersion = 17.8.34322.80
MinimumVisualStudioVersion = 10.0.40219.1
Project("{FAE04EC0-301F-11D3-BF4B-00C04F79EFBC}") = "ClientSideGrpc", "ClientSideGrpc\ClientSideGrpc.csproj", "{E6391C1B-9DE2-45F0-AEED-2E862C0048B4}"
EndProject
Global
	GlobalSection(SolutionConfigurationPlatforms) = preSolution
		Debug|Any CPU = Debug|Any CPU
		Release|Any CPU = Release|Any CPU
	EndGlobalSection
	GlobalSection(ProjectConfigurationPlatforms) = postSolution
		{E6391C1B-9DE2-45F0-AEED-2E862C0048B4}.Debug|Any CPU.ActiveCfg = Debug|Any CPU
		{E6391C1B-9DE2-45F0-AEED-2E862C0048B4}.Debug|Any CPU.Build.0 = Debug|Any CPU
		{E6391C1B-9DE2-45F0-AEED-2E862C0048B4}.Release|Any CPU.ActiveCfg = Release|Any CPU
		{E6391C1B-9DE2-45F0-AEED-2E862C0048B4}.Release|Any CPU.Build.0 = Release|Any CPU
	EndGlobalSection
	GlobalSection(SolutionProperties) = preSolution
		HideSolutionNode = FALSE
	EndGlobalSection
	GlobalSection(ExtensibilityGlobals) = postSolution
		SolutionGuid = {5D54C501-89F9-4CF8-BED2-3356149CA58F}
	EndGlobalSection
EndGlobal
